{
  "object": {
    "pins": [
      {
        "package": "mustache",
        "repositoryURL": "https://github.com/jdrouet/mustache.git",
        "state": {
          "branch": null,
          "revision": "ce259dc8ee855ad154670cca81369290dfce1986",
          "version": "0.5.6"
        }
      },
      {
        "package": "swift-nio",
        "repositoryURL": "https://github.com/jdrouet/swift-nio.git",
        "state": {
          "branch": null,
          "revision": "f1b7ceeb9037c2bfa76538cdc05b865292356cc1",
          "version": "1.12.0"
        }
      },
      {
        "package": "swift-nio-zlib-support",
        "repositoryURL": "https://github.com/apple/swift-nio-zlib-support.git",
        "state": {
          "branch": null,
          "revision": "37760e9a52030bb9011972c5213c3350fa9d41fd",
          "version": "1.0.0"
        }
      }
    ]
  },
  "version": 1
}
